
Microsoft Visual Studio Solution File, Format Version 12.00
# Visual Studio Version 16
VisualStudioVersion = 25.0.1706.1
MinimumVisualStudioVersion = 10.0.40219.1
Project("{FAE04EC0-301F-11D3-BF4B-00C04F79EFBC}") = "FishTrackerLambda.Tests", "test\FishTrackerLambda.Tests\FishTrackerLambda.Tests.csproj", "{1A7A7C18-A923-41F0-9AD1-7348F9B51626}"
EndProject
Project("{FAE04EC0-301F-11D3-BF4B-00C04F79EFBC}") = "FishTrackerLambda.Models", "src\FishTrackerLambda.Models\FishTrackerLambda.Models.csproj", "{55527727-60BE-45E1-9766-011A9F21DC08}"
EndProject
Project("{FAE04EC0-301F-11D3-BF4B-00C04F79EFBC}") = "FishTrackerLambda", "src\FishTrackerLambda\FishTrackerLambda.csproj", "{41932222-A756-493B-8915-A2920A3D542A}"
EndProject
Global
	GlobalSection(SolutionConfigurationPlatforms) = preSolution
		Debug|Any CPU = Debug|Any CPU
		Release|Any CPU = Release|Any CPU
	EndGlobalSection
	GlobalSection(ProjectConfigurationPlatforms) = postSolution
		{1A7A7C18-A923-41F0-9AD1-7348F9B51626}.Debug|Any CPU.ActiveCfg = Debug|Any CPU
		{1A7A7C18-A923-41F0-9AD1-7348F9B51626}.Debug|Any CPU.Build.0 = Debug|Any CPU
		{1A7A7C18-A923-41F0-9AD1-7348F9B51626}.Release|Any CPU.ActiveCfg = Release|Any CPU
		{1A7A7C18-A923-41F0-9AD1-7348F9B51626}.Release|Any CPU.Build.0 = Release|Any CPU
		{55527727-60BE-45E1-9766-011A9F21DC08}.Debug|Any CPU.ActiveCfg = Debug|Any CPU
		{55527727-60BE-45E1-9766-011A9F21DC08}.Debug|Any CPU.Build.0 = Debug|Any CPU
		{55527727-60BE-45E1-9766-011A9F21DC08}.Release|Any CPU.ActiveCfg = Release|Any CPU
		{55527727-60BE-45E1-9766-011A9F21DC08}.Release|Any CPU.Build.0 = Release|Any CPU
		{41932222-A756-493B-8915-A2920A3D542A}.Debug|Any CPU.ActiveCfg = Debug|Any CPU
		{41932222-A756-493B-8915-A2920A3D542A}.Debug|Any CPU.Build.0 = Debug|Any CPU
		{41932222-A756-493B-8915-A2920A3D542A}.Release|Any CPU.ActiveCfg = Release|Any CPU
		{41932222-A756-493B-8915-A2920A3D542A}.Release|Any CPU.Build.0 = Release|Any CPU
	EndGlobalSection
	GlobalSection(SolutionProperties) = preSolution
		HideSolutionNode = FALSE
	EndGlobalSection
	GlobalSection(ExtensibilityGlobals) = postSolution
		SolutionGuid = {1BB36764-2F20-471D-8549-0B96B5037437}
	EndGlobalSection
EndGlobal
